
Microsoft Visual Studio Solution File, Format Version 12.00
# Visual Studio Version 17
VisualStudioVersion = 17.1.32328.378
MinimumVisualStudioVersion = 10.0.40219.1
Project("{FAE04EC0-301F-11D3-BF4B-00C04F79EFBC}") = "ConsoleApp3", "ConsoleApp3\ConsoleApp3.csproj", "{F67E61FF-046F-4410-AF8E-7C4BED1CD7DA}"
EndProject
Global
	GlobalSection(SolutionConfigurationPlatforms) = preSolution
		Debug|Any CPU = Debug|Any CPU
		Release|Any CPU = Release|Any CPU
	EndGlobalSection
	GlobalSection(ProjectConfigurationPlatforms) = postSolution
		{F67E61FF-046F-4410-AF8E-7C4BED1CD7DA}.Debug|Any CPU.ActiveCfg = Debug|Any CPU
		{F67E61FF-046F-4410-AF8E-7C4BED1CD7DA}.Debug|Any CPU.Build.0 = Debug|Any CPU
		{F67E61FF-046F-4410-AF8E-7C4BED1CD7DA}.Release|Any CPU.ActiveCfg = Release|Any CPU
		{F67E61FF-046F-4410-AF8E-7C4BED1CD7DA}.Release|Any CPU.Build.0 = Release|Any CPU
	EndGlobalSection
	GlobalSection(SolutionProperties) = preSolution
		HideSolutionNode = FALSE
	EndGlobalSection
	GlobalSection(ExtensibilityGlobals) = postSolution
		SolutionGuid = {E364EA5C-D3DC-47AE-8E05-DDA1F9630752}
	EndGlobalSection
EndGlobal
